// !$*UTF8*$!
{
	archiveVersion = 1;
	classes = {
	};
	objectVersion = 55;
	objects = {

/* Begin PBXBuildFile section */
		A2279E0029801B96000C5955 /* OneQuestionTableViewCell.swift in Sources */ = {isa = PBXBuildFile; fileRef = A2279DFF29801B96000C5955 /* OneQuestionTableViewCell.swift */; };
		A27FEBA52970C59C002CFA53 /* AppDelegate.swift in Sources */ = {isa = PBXBuildFile; fileRef = A27FEBA42970C59C002CFA53 /* AppDelegate.swift */; };
		A27FEBA72970C59C002CFA53 /* SceneDelegate.swift in Sources */ = {isa = PBXBuildFile; fileRef = A27FEBA62970C59C002CFA53 /* SceneDelegate.swift */; };
		A27FEBA92970C59C002CFA53 /* ViewController.swift in Sources */ = {isa = PBXBuildFile; fileRef = A27FEBA82970C59C002CFA53 /* ViewController.swift */; };
		A27FEBAC2970C59C002CFA53 /* Main.storyboard in Resources */ = {isa = PBXBuildFile; fileRef = A27FEBAA2970C59C002CFA53 /* Main.storyboard */; };
		A27FEBAE2970C59E002CFA53 /* Assets.xcassets in Resources */ = {isa = PBXBuildFile; fileRef = A27FEBAD2970C59E002CFA53 /* Assets.xcassets */; };
		A27FEBB12970C59E002CFA53 /* LaunchScreen.storyboard in Resources */ = {isa = PBXBuildFile; fileRef = A27FEBAF2970C59E002CFA53 /* LaunchScreen.storyboard */; };
		A27FEBB92972277B002CFA53 /* QuestionsViewController.swift in Sources */ = {isa = PBXBuildFile; fileRef = A27FEBB82972277B002CFA53 /* QuestionsViewController.swift */; };
		A27FEBBE29747F03002CFA53 /* QuizBrain.swift in Sources */ = {isa = PBXBuildFile; fileRef = A27FEBBD29747F03002CFA53 /* QuizBrain.swift */; };
		A27FEBC029747F1A002CFA53 /* Question.swift in Sources */ = {isa = PBXBuildFile; fileRef = A27FEBBF29747F1A002CFA53 /* Question.swift */; };
		A27FEBC22975F9A4002CFA53 /* ResultViewController.swift in Sources */ = {isa = PBXBuildFile; fileRef = A27FEBC12975F9A4002CFA53 /* ResultViewController.swift */; };
		A280A97C2977387F00D40308 /* ListOfQuestionsViewController.swift in Sources */ = {isa = PBXBuildFile; fileRef = A280A97B2977387F00D40308 /* ListOfQuestionsViewController.swift */; };
		A2FA4737297726A2001B5EEB /* TabBarViewController.swift in Sources */ = {isa = PBXBuildFile; fileRef = A2FA4736297726A2001B5EEB /* TabBarViewController.swift */; };
/* End PBXBuildFile section */

/* Begin PBXFileReference section */
		A2279DFF29801B96000C5955 /* OneQuestionTableViewCell.swift */ = {isa = PBXFileReference; lastKnownFileType = sourcecode.swift; path = OneQuestionTableViewCell.swift; sourceTree = "<group>"; };
		A27FEBA12970C59C002CFA53 /* World Cup Qatar Quiz.app */ = {isa = PBXFileReference; explicitFileType = wrapper.application; includeInIndex = 0; path = "World Cup Qatar Quiz.app"; sourceTree = BUILT_PRODUCTS_DIR; };
		A27FEBA42970C59C002CFA53 /* AppDelegate.swift */ = {isa = PBXFileReference; lastKnownFileType = sourcecode.swift; path = AppDelegate.swift; sourceTree = "<group>"; };
		A27FEBA62970C59C002CFA53 /* SceneDelegate.swift */ = {isa = PBXFileReference; lastKnownFileType = sourcecode.swift; path = SceneDelegate.swift; sourceTree = "<group>"; };
		A27FEBA82970C59C002CFA53 /* ViewController.swift */ = {isa = PBXFileReference; lastKnownFileType = sourcecode.swift; path = ViewController.swift; sourceTree = "<group>"; };
		A27FEBAB2970C59C002CFA53 /* Base */ = {isa = PBXFileReference; lastKnownFileType = file.storyboard; name = Base; path = Base.lproj/Main.storyboard; sourceTree = "<group>"; };
		A27FEBAD2970C59E002CFA53 /* Assets.xcassets */ = {isa = PBXFileReference; lastKnownFileType = folder.assetcatalog; path = Assets.xcassets; sourceTree = "<group>"; };
		A27FEBB02970C59E002CFA53 /* Base */ = {isa = PBXFileReference; lastKnownFileType = file.storyboard; name = Base; path = Base.lproj/LaunchScreen.storyboard; sourceTree = "<group>"; };
		A27FEBB22970C59E002CFA53 /* Info.plist */ = {isa = PBXFileReference; lastKnownFileType = text.plist.xml; path = Info.plist; sourceTree = "<group>"; };
		A27FEBB82972277B002CFA53 /* QuestionsViewController.swift */ = {isa = PBXFileReference; lastKnownFileType = sourcecode.swift; path = QuestionsViewController.swift; sourceTree = "<group>"; };
		A27FEBBD29747F03002CFA53 /* QuizBrain.swift */ = {isa = PBXFileReference; lastKnownFileType = sourcecode.swift; path = QuizBrain.swift; sourceTree = "<group>"; };
		A27FEBBF29747F1A002CFA53 /* Question.swift */ = {isa = PBXFileReference; lastKnownFileType = sourcecode.swift; path = Question.swift; sourceTree = "<group>"; };
		A27FEBC12975F9A4002CFA53 /* ResultViewController.swift */ = {isa = PBXFileReference; lastKnownFileType = sourcecode.swift; name = ResultViewController.swift; path = "World Cup Qatar Quiz/Controller/ResultViewController.swift"; sourceTree = SOURCE_ROOT; };
		A280A97B2977387F00D40308 /* ListOfQuestionsViewController.swift */ = {isa = PBXFileReference; lastKnownFileType = sourcecode.swift; path = ListOfQuestionsViewController.swift; sourceTree = "<group>"; };
		A2FA4736297726A2001B5EEB /* TabBarViewController.swift */ = {isa = PBXFileReference; lastKnownFileType = sourcecode.swift; path = TabBarViewController.swift; sourceTree = "<group>"; };
/* End PBXFileReference section */

/* Begin PBXFrameworksBuildPhase section */
		A27FEB9E2970C59C002CFA53 /* Frameworks */ = {
			isa = PBXFrameworksBuildPhase;
			buildActionMask = 2147483647;
			files = (
			);
			runOnlyForDeploymentPostprocessing = 0;
		};
/* End PBXFrameworksBuildPhase section */

/* Begin PBXGroup section */
		A27FEB982970C59C002CFA53 = {
			isa = PBXGroup;
			children = (
				A27FEBA32970C59C002CFA53 /* World Cup Qatar Quiz */,
				A27FEBA22970C59C002CFA53 /* Products */,
			);
			sourceTree = "<group>";
		};
		A27FEBA22970C59C002CFA53 /* Products */ = {
			isa = PBXGroup;
			children = (
				A27FEBA12970C59C002CFA53 /* World Cup Qatar Quiz.app */,
			);
			name = Products;
			sourceTree = "<group>";
		};
		A27FEBA32970C59C002CFA53 /* World Cup Qatar Quiz */ = {
			isa = PBXGroup;
			children = (
				A27FEBBC29747DBD002CFA53 /* Controller */,
				A27FEBBB29747DB3002CFA53 /* View */,
				A27FEBBA29747DA7002CFA53 /* Model */,
				A27FEBA42970C59C002CFA53 /* AppDelegate.swift */,
				A27FEBA62970C59C002CFA53 /* SceneDelegate.swift */,
				A27FEBAD2970C59E002CFA53 /* Assets.xcassets */,
				A27FEBAF2970C59E002CFA53 /* LaunchScreen.storyboard */,
				A27FEBB22970C59E002CFA53 /* Info.plist */,
			);
			path = "World Cup Qatar Quiz";
			sourceTree = "<group>";
		};
		A27FEBBA29747DA7002CFA53 /* Model */ = {
			isa = PBXGroup;
			children = (
				A27FEBBD29747F03002CFA53 /* QuizBrain.swift */,
				A27FEBBF29747F1A002CFA53 /* Question.swift */,
			);
			path = Model;
			sourceTree = "<group>";
		};
		A27FEBBB29747DB3002CFA53 /* View */ = {
			isa = PBXGroup;
			children = (
				A27FEBAA2970C59C002CFA53 /* Main.storyboard */,
			);
			path = View;
			sourceTree = "<group>";
		};
		A27FEBBC29747DBD002CFA53 /* Controller */ = {
			isa = PBXGroup;
			children = (
				A27FEBA82970C59C002CFA53 /* ViewController.swift */,
				A27FEBB82972277B002CFA53 /* QuestionsViewController.swift */,
				A27FEBC12975F9A4002CFA53 /* ResultViewController.swift */,
				A2FA4736297726A2001B5EEB /* TabBarViewController.swift */,
				A280A97B2977387F00D40308 /* ListOfQuestionsViewController.swift */,
				A2279DFF29801B96000C5955 /* OneQuestionTableViewCell.swift */,
			);
			path = Controller;
			sourceTree = "<group>";
		};
/* End PBXGroup section */

/* Begin PBXNativeTarget section */
		A27FEBA02970C59C002CFA53 /* World Cup Qatar Quiz */ = {
			isa = PBXNativeTarget;
			buildConfigurationList = A27FEBB52970C59E002CFA53 /* Build configuration list for PBXNativeTarget "World Cup Qatar Quiz" */;
			buildPhases = (
				A27FEB9D2970C59C002CFA53 /* Sources */,
				A27FEB9E2970C59C002CFA53 /* Frameworks */,
				A27FEB9F2970C59C002CFA53 /* Resources */,
			);
			buildRules = (
			);
			dependencies = (
			);
			name = "World Cup Qatar Quiz";
			productName = "World Cup Qatar Quiz";
			productReference = A27FEBA12970C59C002CFA53 /* World Cup Qatar Quiz.app */;
			productType = "com.apple.product-type.application";
		};
/* End PBXNativeTarget section */

/* Begin PBXProject section */
		A27FEB992970C59C002CFA53 /* Project object */ = {
			isa = PBXProject;
			attributes = {
				BuildIndependentTargetsInParallel = 1;
				LastSwiftUpdateCheck = 1340;
				LastUpgradeCheck = 1340;
				TargetAttributes = {
					A27FEBA02970C59C002CFA53 = {
						CreatedOnToolsVersion = 13.4;
					};
				};
			};
			buildConfigurationList = A27FEB9C2970C59C002CFA53 /* Build configuration list for PBXProject "World Cup Qatar Quiz" */;
			compatibilityVersion = "Xcode 13.0";
			developmentRegion = en;
			hasScannedForEncodings = 0;
			knownRegions = (
				en,
				Base,
			);
			mainGroup = A27FEB982970C59C002CFA53;
			productRefGroup = A27FEBA22970C59C002CFA53 /* Products */;
			projectDirPath = "";
			projectRoot = "";
			targets = (
				A27FEBA02970C59C002CFA53 /* World Cup Qatar Quiz */,
			);
		};
/* End PBXProject section */

/* Begin PBXResourcesBuildPhase section */
		A27FEB9F2970C59C002CFA53 /* Resources */ = {
			isa = PBXResourcesBuildPhase;
			buildActionMask = 2147483647;
			files = (
				A27FEBB12970C59E002CFA53 /* LaunchScreen.storyboard in Resources */,
				A27FEBAE2970C59E002CFA53 /* Assets.xcassets in Resources */,
				A27FEBAC2970C59C002CFA53 /* Main.storyboard in Resources */,
			);
			runOnlyForDeploymentPostprocessing = 0;
		};
/* End PBXResourcesBuildPhase section */

/* Begin PBXSourcesBuildPhase section */
		A27FEB9D2970C59C002CFA53 /* Sources */ = {
			isa = PBXSourcesBuildPhase;
			buildActionMask = 2147483647;
			files = (
				A2FA4737297726A2001B5EEB /* TabBarViewController.swift in Sources */,
				A27FEBBE29747F03002CFA53 /* QuizBrain.swift in Sources */,
				A27FEBA92970C59C002CFA53 /* ViewController.swift in Sources */,
				A27FEBC22975F9A4002CFA53 /* ResultViewController.swift in Sources */,
				A27FEBA52970C59C002CFA53 /* AppDelegate.swift in Sources */,
				A280A97C2977387F00D40308 /* ListOfQuestionsViewController.swift in Sources */,
				A27FEBC029747F1A002CFA53 /* Question.swift in Sources */,
				A27FEBB92972277B002CFA53 /* QuestionsViewController.swift in Sources */,
				A2279E0029801B96000C5955 /* OneQuestionTableViewCell.swift in Sources */,
				A27FEBA72970C59C002CFA53 /* SceneDelegate.swift in Sources */,
			);
			runOnlyForDeploymentPostprocessing = 0;
		};
/* End PBXSourcesBuildPhase section */

/* Begin PBXVariantGroup section */
		A27FEBAA2970C59C002CFA53 /* Main.storyboard */ = {
			isa = PBXVariantGroup;
			children = (
				A27FEBAB2970C59C002CFA53 /* Base */,
			);
			name = Main.storyboard;
			sourceTree = "<group>";
		};
		A27FEBAF2970C59E002CFA53 /* LaunchScreen.storyboard */ = {
			isa = PBXVariantGroup;
			children = (
				A27FEBB02970C59E002CFA53 /* Base */,
			);
			name = LaunchScreen.storyboard;
			sourceTree = "<group>";
		};
/* End PBXVariantGroup section */

/* Begin XCBuildConfiguration section */
		A27FEBB32970C59E002CFA53 /* Debug */ = {
			isa = XCBuildConfiguration;
			buildSettings = {
				ALWAYS_SEARCH_USER_PATHS = NO;
				CLANG_ANALYZER_NONNULL = YES;
				CLANG_ANALYZER_NUMBER_OBJECT_CONVERSION = YES_AGGRESSIVE;
				CLANG_CXX_LANGUAGE_STANDARD = "gnu++17";
				CLANG_ENABLE_MODULES = YES;
				CLANG_ENABLE_OBJC_ARC = YES;
				CLANG_ENABLE_OBJC_WEAK = YES;
				CLANG_WARN_BLOCK_CAPTURE_AUTORELEASING = YES;
				CLANG_WARN_BOOL_CONVERSION = YES;
				CLANG_WARN_COMMA = YES;
				CLANG_WARN_CONSTANT_CONVERSION = YES;
				CLANG_WARN_DEPRECATED_OBJC_IMPLEMENTATIONS = YES;
				CLANG_WARN_DIRECT_OBJC_ISA_USAGE = YES_ERROR;
				CLANG_WARN_DOCUMENTATION_COMMENTS = YES;
				CLANG_WARN_EMPTY_BODY = YES;
				CLANG_WARN_ENUM_CONVERSION = YES;
				CLANG_WARN_INFINITE_RECURSION = YES;
				CLANG_WARN_INT_CONVERSION = YES;
				CLANG_WARN_NON_LITERAL_NULL_CONVERSION = YES;
				CLANG_WARN_OBJC_IMPLICIT_RETAIN_SELF = YES;
				CLANG_WARN_OBJC_LITERAL_CONVERSION = YES;
				CLANG_WARN_OBJC_ROOT_CLASS = YES_ERROR;
				CLANG_WARN_QUOTED_INCLUDE_IN_FRAMEWORK_HEADER = YES;
				CLANG_WARN_RANGE_LOOP_ANALYSIS = YES;
				CLANG_WARN_STRICT_PROTOTYPES = YES;
				CLANG_WARN_SUSPICIOUS_MOVE = YES;
				CLANG_WARN_UNGUARDED_AVAILABILITY = YES_AGGRESSIVE;
				CLANG_WARN_UNREACHABLE_CODE = YES;
				CLANG_WARN__DUPLICATE_METHOD_MATCH = YES;
				COPY_PHASE_STRIP = NO;
				DEBUG_INFORMATION_FORMAT = dwarf;
				ENABLE_STRICT_OBJC_MSGSEND = YES;
				ENABLE_TESTABILITY = YES;
				GCC_C_LANGUAGE_STANDARD = gnu11;
				GCC_DYNAMIC_NO_PIC = NO;
				GCC_NO_COMMON_BLOCKS = YES;
				GCC_OPTIMIZATION_LEVEL = 0;
				GCC_PREPROCESSOR_DEFINITIONS = (
					"DEBUG=1",
					"$(inherited)",
				);
				GCC_WARN_64_TO_32_BIT_CONVERSION = YES;
				GCC_WARN_ABOUT_RETURN_TYPE = YES_ERROR;
				GCC_WARN_UNDECLARED_SELECTOR = YES;
				GCC_WARN_UNINITIALIZED_AUTOS = YES_AGGRESSIVE;
				GCC_WARN_UNUSED_FUNCTION = YES;
				GCC_WARN_UNUSED_VARIABLE = YES;
				IPHONEOS_DEPLOYMENT_TARGET = 15.5;
				MTL_ENABLE_DEBUG_INFO = INCLUDE_SOURCE;
				MTL_FAST_MATH = YES;
				ONLY_ACTIVE_ARCH = YES;
				SDKROOT = iphoneos;
				SWIFT_ACTIVE_COMPILATION_CONDITIONS = DEBUG;
				SWIFT_OPTIMIZATION_LEVEL = "-Onone";
			};
			name = Debug;
		};
		A27FEBB42970C59E002CFA53 /* Release */ = {
			isa = XCBuildConfiguration;
			buildSettings = {
				ALWAYS_SEARCH_USER_PATHS = NO;
				CLANG_ANALYZER_NONNULL = YES;
				CLANG_ANALYZER_NUMBER_OBJECT_CONVERSION = YES_AGGRESSIVE;
				CLANG_CXX_LANGUAGE_STANDARD = "gnu++17";
				CLANG_ENABLE_MODULES = YES;
				CLANG_ENABLE_OBJC_ARC = YES;
				CLANG_ENABLE_OBJC_WEAK = YES;
				CLANG_WARN_BLOCK_CAPTURE_AUTORELEASING = YES;
				CLANG_WARN_BOOL_CONVERSION = YES;
				CLANG_WARN_COMMA = YES;
				CLANG_WARN_CONSTANT_CONVERSION = YES;
				CLANG_WARN_DEPRECATED_OBJC_IMPLEMENTATIONS = YES;
				CLANG_WARN_DIRECT_OBJC_ISA_USAGE = YES_ERROR;
				CLANG_WARN_DOCUMENTATION_COMMENTS = YES;
				CLANG_WARN_EMPTY_BODY = YES;
				CLANG_WARN_ENUM_CONVERSION = YES;
				CLANG_WARN_INFINITE_RECURSION = YES;
				CLANG_WARN_INT_CONVERSION = YES;
				CLANG_WARN_NON_LITERAL_NULL_CONVERSION = YES;
				CLANG_WARN_OBJC_IMPLICIT_RETAIN_SELF = YES;
				CLANG_WARN_OBJC_LITERAL_CONVERSION = YES;
				CLANG_WARN_OBJC_ROOT_CLASS = YES_ERROR;
				CLANG_WARN_QUOTED_INCLUDE_IN_FRAMEWORK_HEADER = YES;
				CLANG_WARN_RANGE_LOOP_ANALYSIS = YES;
				CLANG_WARN_STRICT_PROTOTYPES = YES;
				CLANG_WARN_SUSPICIOUS_MOVE = YES;
				CLANG_WARN_UNGUARDED_AVAILABILITY = YES_AGGRESSIVE;
				CLANG_WARN_UNREACHABLE_CODE = YES;
				CLANG_WARN__DUPLICATE_METHOD_MATCH = YES;
				COPY_PHASE_STRIP = NO;
				DEBUG_INFORMATION_FORMAT = "dwarf-with-dsym";
				ENABLE_NS_ASSERTIONS = NO;
				ENABLE_STRICT_OBJC_MSGSEND = YES;
				GCC_C_LANGUAGE_STANDARD = gnu11;
				GCC_NO_COMMON_BLOCKS = YES;
				GCC_WARN_64_TO_32_BIT_CONVERSION = YES;
				GCC_WARN_ABOUT_RETURN_TYPE = YES_ERROR;
				GCC_WARN_UNDECLARED_SELECTOR = YES;
				GCC_WARN_UNINITIALIZED_AUTOS = YES_AGGRESSIVE;
				GCC_WARN_UNUSED_FUNCTION = YES;
				GCC_WARN_UNUSED_VARIABLE = YES;
				IPHONEOS_DEPLOYMENT_TARGET = 15.5;
				MTL_ENABLE_DEBUG_INFO = NO;
				MTL_FAST_MATH = YES;
				SDKROOT = iphoneos;
				SWIFT_COMPILATION_MODE = wholemodule;
				SWIFT_OPTIMIZATION_LEVEL = "-O";
				VALIDATE_PRODUCT = YES;
			};
			name = Release;
		};
		A27FEBB62970C59E002CFA53 /* Debug */ = {
			isa = XCBuildConfiguration;
			buildSettings = {
				ASSETCATALOG_COMPILER_APPICON_NAME = AppIcon;
				ASSETCATALOG_COMPILER_GLOBAL_ACCENT_COLOR_NAME = AccentColor;
				CODE_SIGN_STYLE = Automatic;
				CURRENT_PROJECT_VERSION = 1;
				DEVELOPMENT_TEAM = 323SMA9H24;
				GENERATE_INFOPLIST_FILE = YES;
				INFOPLIST_FILE = "World Cup Qatar Quiz/Info.plist";
				INFOPLIST_KEY_UIApplicationSupportsIndirectInputEvents = YES;
				INFOPLIST_KEY_UILaunchStoryboardName = LaunchScreen;
				INFOPLIST_KEY_UIMainStoryboardFile = Main;
				INFOPLIST_KEY_UISupportedInterfaceOrientations_iPad = "UIInterfaceOrientationPortrait UIInterfaceOrientationPortraitUpsideDown UIInterfaceOrientationLandscapeLeft UIInterfaceOrientationLandscapeRight";
				INFOPLIST_KEY_UISupportedInterfaceOrientations_iPhone = "UIInterfaceOrientationPortrait UIInterfaceOrientationLandscapeLeft UIInterfaceOrientationLandscapeRight";
				LD_RUNPATH_SEARCH_PATHS = (
					"$(inherited)",
					"@executable_path/Frameworks",
				);
				MARKETING_VERSION = 1.0;
				PRODUCT_BUNDLE_IDENTIFIER = "adrianderdas.World-Cup-Qatar-Quiz";
				PRODUCT_NAME = "$(TARGET_NAME)";
				SWIFT_EMIT_LOC_STRINGS = YES;
				SWIFT_VERSION = 5.0;
				TARGETED_DEVICE_FAMILY = "1,2";
			};
			name = Debug;
		};
		A27FEBB72970C59E002CFA53 /* Release */ = {
			isa = XCBuildConfiguration;
			buildSettings = {
				ASSETCATALOG_COMPILER_APPICON_NAME = AppIcon;
				ASSETCATALOG_COMPILER_GLOBAL_ACCENT_COLOR_NAME = AccentColor;
				CODE_SIGN_STYLE = Automatic;
				CURRENT_PROJECT_VERSION = 1;
				DEVELOPMENT_TEAM = 323SMA9H24;
				GENERATE_INFOPLIST_FILE = YES;
				INFOPLIST_FILE = "World Cup Qatar Quiz/Info.plist";
				INFOPLIST_KEY_UIApplicationSupportsIndirectInputEvents = YES;
				INFOPLIST_KEY_UILaunchStoryboardName = LaunchScreen;
				INFOPLIST_KEY_UIMainStoryboardFile = Main;
				INFOPLIST_KEY_UISupportedInterfaceOrientations_iPad = "UIInterfaceOrientationPortrait UIInterfaceOrientationPortraitUpsideDown UIInterfaceOrientationLandscapeLeft UIInterfaceOrientationLandscapeRight";
				INFOPLIST_KEY_UISupportedInterfaceOrientations_iPhone = "UIInterfaceOrientationPortrait UIInterfaceOrientationLandscapeLeft UIInterfaceOrientationLandscapeRight";
				LD_RUNPATH_SEARCH_PATHS = (
					"$(inherited)",
					"@executable_path/Frameworks",
				);
				MARKETING_VERSION = 1.0;
				PRODUCT_BUNDLE_IDENTIFIER = "adrianderdas.World-Cup-Qatar-Quiz";
				PRODUCT_NAME = "$(TARGET_NAME)";
				SWIFT_EMIT_LOC_STRINGS = YES;
				SWIFT_VERSION = 5.0;
				TARGETED_DEVICE_FAMILY = "1,2";
			};
			name = Release;
		};
/* End XCBuildConfiguration section */

/* Begin XCConfigurationList section */
		A27FEB9C2970C59C002CFA53 /* Build configuration list for PBXProject "World Cup Qatar Quiz" */ = {
			isa = XCConfigurationList;
			buildConfigurations = (
				A27FEBB32970C59E002CFA53 /* Debug */,
				A27FEBB42970C59E002CFA53 /* Release */,
			);
			defaultConfigurationIsVisible = 0;
			defaultConfigurationName = Release;
		};
		A27FEBB52970C59E002CFA53 /* Build configuration list for PBXNativeTarget "World Cup Qatar Quiz" */ = {
			isa = XCConfigurationList;
			buildConfigurations = (
				A27FEBB62970C59E002CFA53 /* Debug */,
				A27FEBB72970C59E002CFA53 /* Release */,
			);
			defaultConfigurationIsVisible = 0;
			defaultConfigurationName = Release;
		};
/* End XCConfigurationList section */
	};
	rootObject = A27FEB992970C59C002CFA53 /* Project object */;
}
